
Microsoft Visual Studio Solution File, Format Version 12.00
# Visual Studio 15
VisualStudioVersion = 15.0.27130.2027
MinimumVisualStudioVersion = 10.0.40219.1
Project("{FAE04EC0-301F-11D3-BF4B-00C04F79EFBC}") = "ClickToDial", "ClickToDial\ClickToDial.csproj", "{9021FA02-AF4A-41D0-8287-3E23B0457E16}"
EndProject
Project("{FAE04EC0-301F-11D3-BF4B-00C04F79EFBC}") = "ClickToDialSetup", "ClickToDialSetup\ClickToDialSetup.csproj", "{D9DE75B6-D9BD-43BF-A2DB-8453034E05E0}"
EndProject
Project("{2150E333-8FDC-42A3-9474-1A3956D46DE8}") = "Installer", "Installer", "{74E01599-F492-48EA-B677-54671D86EF36}"
	ProjectSection(SolutionItems) = preProject
		Installer\build.cmd = Installer\build.cmd
		Installer\ClickToDial.nsi = Installer\ClickToDial.nsi
	EndProjectSection
EndProject
Project("{2150E333-8FDC-42A3-9474-1A3956D46DE8}") = "Solution Items", "Solution Items", "{2AFA5897-8187-4918-BF40-C1C444FB0B5E}"
	ProjectSection(SolutionItems) = preProject
		.editorconfig = .editorconfig
		.gitignore = .gitignore
	EndProjectSection
EndProject
Global
	GlobalSection(SolutionConfigurationPlatforms) = preSolution
		Debug|x86 = Debug|x86
		Release|x86 = Release|x86
	EndGlobalSection
	GlobalSection(ProjectConfigurationPlatforms) = postSolution
		{9021FA02-AF4A-41D0-8287-3E23B0457E16}.Debug|x86.ActiveCfg = Debug|x86
		{9021FA02-AF4A-41D0-8287-3E23B0457E16}.Debug|x86.Build.0 = Debug|x86
		{9021FA02-AF4A-41D0-8287-3E23B0457E16}.Release|x86.ActiveCfg = Release|x86
		{9021FA02-AF4A-41D0-8287-3E23B0457E16}.Release|x86.Build.0 = Release|x86
		{D9DE75B6-D9BD-43BF-A2DB-8453034E05E0}.Debug|x86.ActiveCfg = Debug|x86
		{D9DE75B6-D9BD-43BF-A2DB-8453034E05E0}.Debug|x86.Build.0 = Debug|x86
		{D9DE75B6-D9BD-43BF-A2DB-8453034E05E0}.Release|x86.ActiveCfg = Release|x86
		{D9DE75B6-D9BD-43BF-A2DB-8453034E05E0}.Release|x86.Build.0 = Release|x86
	EndGlobalSection
	GlobalSection(SolutionProperties) = preSolution
		HideSolutionNode = FALSE
	EndGlobalSection
	GlobalSection(ExtensibilityGlobals) = postSolution
		SolutionGuid = {4EBA9F24-3435-4902-9D53-833A87CF2DFE}
	EndGlobalSection
	GlobalSection(AutomaticVersions) = postSolution
		UpdateAssemblyVersion = True
		UpdateAssemblyFileVersion = True
		UpdateAssemblyInfoVersion = True
		AssemblyVersionSettings = None.IncrementOnDemand.DeltaDayStamp.TimeStamp
		AssemblyFileVersionSettings = None.IncrementOnDemand.DeltaDayStamp.TimeStamp
		UpdatePackageVersion = False
		AssemblyInfoVersionSemVerSettings = AssemblyVersion.IncrementWithAutoReset.None
		AssemblyInfoVersionType = SemVer1
	EndGlobalSection
EndGlobal
